
Microsoft Visual Studio Solution File, Format Version 12.00
# Visual Studio 15
VisualStudioVersion = 15.0.28307.136
MinimumVisualStudioVersion = 10.0.40219.1
Project("{FAE04EC0-301F-11D3-BF4B-00C04F79EFBC}") = "cheek", "cheek\cheek.csproj", "{B88CECCF-F3FE-47FC-9E60-8AC557D0C9E1}"
EndProject
Global
	GlobalSection(SolutionConfigurationPlatforms) = preSolution
		Debug|Any CPU = Debug|Any CPU
		Release|Any CPU = Release|Any CPU
	EndGlobalSection
	GlobalSection(ProjectConfigurationPlatforms) = postSolution
		{B88CECCF-F3FE-47FC-9E60-8AC557D0C9E1}.Debug|Any CPU.ActiveCfg = Debug|Any CPU
		{B88CECCF-F3FE-47FC-9E60-8AC557D0C9E1}.Debug|Any CPU.Build.0 = Debug|Any CPU
		{B88CECCF-F3FE-47FC-9E60-8AC557D0C9E1}.Release|Any CPU.ActiveCfg = Release|Any CPU
		{B88CECCF-F3FE-47FC-9E60-8AC557D0C9E1}.Release|Any CPU.Build.0 = Release|Any CPU
	EndGlobalSection
	GlobalSection(SolutionProperties) = preSolution
		HideSolutionNode = FALSE
	EndGlobalSection
	GlobalSection(ExtensibilityGlobals) = postSolution
		SolutionGuid = {99C2FC6B-A06E-4B8B-BBDE-F97072992465}
	EndGlobalSection
EndGlobal
